
Microsoft Visual Studio Solution File, Format Version 12.00
# Visual Studio Version 17
VisualStudioVersion = 17.13.35828.75
MinimumVisualStudioVersion = 10.0.40219.1
Project("{FAE04EC0-301F-11D3-BF4B-00C04F79EFBC}") = "Task-01", "Task-01\Task-01.csproj", "{AE0A0B2B-2C3D-408D-96F1-F23BAD463DCF}"
EndProject
Project("{FAE04EC0-301F-11D3-BF4B-00C04F79EFBC}") = "Task-02", "Task-02\Task-02.csproj", "{AE03EE24-B7C7-42B1-8A41-2E85E0B7C6F8}"
EndProject
Project("{FAE04EC0-301F-11D3-BF4B-00C04F79EFBC}") = "Task-03", "Task-03\Task-03.csproj", "{0F366D6E-1A04-4265-A35C-06A5F3593D00}"
EndProject
Project("{FAE04EC0-301F-11D3-BF4B-00C04F79EFBC}") = "Task-04", "Task-04\Task-04.csproj", "{091D111C-3D21-497B-96C9-3785247A2A1C}"
EndProject
Project("{FAE04EC0-301F-11D3-BF4B-00C04F79EFBC}") = "Task-05", "Task-05\Task-05.csproj", "{53E5DEB3-7F17-464D-AF3B-4E1C8E377CF1}"
EndProject
Project("{FAE04EC0-301F-11D3-BF4B-00C04F79EFBC}") = "Task-06", "Task-06\Task-06.csproj", "{FFC849CF-03F0-4B95-87D7-13F32E1D81AF}"
EndProject
Project("{FAE04EC0-301F-11D3-BF4B-00C04F79EFBC}") = "Task-07", "Task-07\Task-07.csproj", "{5883087F-72B4-4F3F-8042-DDB64CAAFEFD}"
EndProject
Project("{FAE04EC0-301F-11D3-BF4B-00C04F79EFBC}") = "Task-08", "Task-08\Task-08.csproj", "{B718D22E-04F9-45BA-B4C2-CE71F32B59A9}"
EndProject
Project("{FAE04EC0-301F-11D3-BF4B-00C04F79EFBC}") = "Task-09", "Task-09\Task-09.csproj", "{91D84D8A-4306-445E-9946-C1B15F8C3044}"
EndProject
Project("{FAE04EC0-301F-11D3-BF4B-00C04F79EFBC}") = "Task-10", "Task-10\Task-10.csproj", "{6B2D7A67-CF89-464B-8C93-2F15C3F3BAB1}"
EndProject
Global
	GlobalSection(SolutionConfigurationPlatforms) = preSolution
		Debug|Any CPU = Debug|Any CPU
		Release|Any CPU = Release|Any CPU
	EndGlobalSection
	GlobalSection(ProjectConfigurationPlatforms) = postSolution
		{AE0A0B2B-2C3D-408D-96F1-F23BAD463DCF}.Debug|Any CPU.ActiveCfg = Debug|Any CPU
		{AE0A0B2B-2C3D-408D-96F1-F23BAD463DCF}.Debug|Any CPU.Build.0 = Debug|Any CPU
		{AE0A0B2B-2C3D-408D-96F1-F23BAD463DCF}.Release|Any CPU.ActiveCfg = Release|Any CPU
		{AE0A0B2B-2C3D-408D-96F1-F23BAD463DCF}.Release|Any CPU.Build.0 = Release|Any CPU
		{AE03EE24-B7C7-42B1-8A41-2E85E0B7C6F8}.Debug|Any CPU.ActiveCfg = Debug|Any CPU
		{AE03EE24-B7C7-42B1-8A41-2E85E0B7C6F8}.Debug|Any CPU.Build.0 = Debug|Any CPU
		{AE03EE24-B7C7-42B1-8A41-2E85E0B7C6F8}.Release|Any CPU.ActiveCfg = Release|Any CPU
		{AE03EE24-B7C7-42B1-8A41-2E85E0B7C6F8}.Release|Any CPU.Build.0 = Release|Any CPU
		{0F366D6E-1A04-4265-A35C-06A5F3593D00}.Debug|Any CPU.ActiveCfg = Debug|Any CPU
		{0F366D6E-1A04-4265-A35C-06A5F3593D00}.Debug|Any CPU.Build.0 = Debug|Any CPU
		{0F366D6E-1A04-4265-A35C-06A5F3593D00}.Release|Any CPU.ActiveCfg = Release|Any CPU
		{0F366D6E-1A04-4265-A35C-06A5F3593D00}.Release|Any CPU.Build.0 = Release|Any CPU
		{091D111C-3D21-497B-96C9-3785247A2A1C}.Debug|Any CPU.ActiveCfg = Debug|Any CPU
		{091D111C-3D21-497B-96C9-3785247A2A1C}.Debug|Any CPU.Build.0 = Debug|Any CPU
		{091D111C-3D21-497B-96C9-3785247A2A1C}.Release|Any CPU.ActiveCfg = Release|Any CPU
		{091D111C-3D21-497B-96C9-3785247A2A1C}.Release|Any CPU.Build.0 = Release|Any CPU
		{53E5DEB3-7F17-464D-AF3B-4E1C8E377CF1}.Debug|Any CPU.ActiveCfg = Debug|Any CPU
		{53E5DEB3-7F17-464D-AF3B-4E1C8E377CF1}.Debug|Any CPU.Build.0 = Debug|Any CPU
		{53E5DEB3-7F17-464D-AF3B-4E1C8E377CF1}.Release|Any CPU.ActiveCfg = Release|Any CPU
		{53E5DEB3-7F17-464D-AF3B-4E1C8E377CF1}.Release|Any CPU.Build.0 = Release|Any CPU
		{FFC849CF-03F0-4B95-87D7-13F32E1D81AF}.Debug|Any CPU.ActiveCfg = Debug|Any CPU
		{FFC849CF-03F0-4B95-87D7-13F32E1D81AF}.Debug|Any CPU.Build.0 = Debug|Any CPU
		{FFC849CF-03F0-4B95-87D7-13F32E1D81AF}.Release|Any CPU.ActiveCfg = Release|Any CPU
		{FFC849CF-03F0-4B95-87D7-13F32E1D81AF}.Release|Any CPU.Build.0 = Release|Any CPU
		{5883087F-72B4-4F3F-8042-DDB64CAAFEFD}.Debug|Any CPU.ActiveCfg = Debug|Any CPU
		{5883087F-72B4-4F3F-8042-DDB64CAAFEFD}.Debug|Any CPU.Build.0 = Debug|Any CPU
		{5883087F-72B4-4F3F-8042-DDB64CAAFEFD}.Release|Any CPU.ActiveCfg = Release|Any CPU
		{5883087F-72B4-4F3F-8042-DDB64CAAFEFD}.Release|Any CPU.Build.0 = Release|Any CPU
		{B718D22E-04F9-45BA-B4C2-CE71F32B59A9}.Debug|Any CPU.ActiveCfg = Debug|Any CPU
		{B718D22E-04F9-45BA-B4C2-CE71F32B59A9}.Debug|Any CPU.Build.0 = Debug|Any CPU
		{B718D22E-04F9-45BA-B4C2-CE71F32B59A9}.Release|Any CPU.ActiveCfg = Release|Any CPU
		{B718D22E-04F9-45BA-B4C2-CE71F32B59A9}.Release|Any CPU.Build.0 = Release|Any CPU
		{91D84D8A-4306-445E-9946-C1B15F8C3044}.Debug|Any CPU.ActiveCfg = Debug|Any CPU
		{91D84D8A-4306-445E-9946-C1B15F8C3044}.Debug|Any CPU.Build.0 = Debug|Any CPU
		{91D84D8A-4306-445E-9946-C1B15F8C3044}.Release|Any CPU.ActiveCfg = Release|Any CPU
		{91D84D8A-4306-445E-9946-C1B15F8C3044}.Release|Any CPU.Build.0 = Release|Any CPU
		{6B2D7A67-CF89-464B-8C93-2F15C3F3BAB1}.Debug|Any CPU.ActiveCfg = Debug|Any CPU
		{6B2D7A67-CF89-464B-8C93-2F15C3F3BAB1}.Debug|Any CPU.Build.0 = Debug|Any CPU
		{6B2D7A67-CF89-464B-8C93-2F15C3F3BAB1}.Release|Any CPU.ActiveCfg = Release|Any CPU
		{6B2D7A67-CF89-464B-8C93-2F15C3F3BAB1}.Release|Any CPU.Build.0 = Release|Any CPU
	EndGlobalSection
	GlobalSection(SolutionProperties) = preSolution
		HideSolutionNode = FALSE
	EndGlobalSection
	GlobalSection(ExtensibilityGlobals) = postSolution
		SolutionGuid = {32B9F9C9-6B3D-4042-BAF6-297B0FFAF76E}
	EndGlobalSection
EndGlobal
